
Microsoft Visual Studio Solution File, Format Version 12.00
# Visual Studio Version 17
VisualStudioVersion = 17.11.35327.3
MinimumVisualStudioVersion = 10.0.40219.1
Project("{FAE04EC0-301F-11D3-BF4B-00C04F79EFBC}") = "Danciu_Alexandra_Lab2", "Danciu_Alexandra_Lab2.csproj", "{617C29DA-0626-4003-B395-95EF3E179463}"
EndProject
Global
	GlobalSection(SolutionConfigurationPlatforms) = preSolution
		Debug|Any CPU = Debug|Any CPU
		Release|Any CPU = Release|Any CPU
	EndGlobalSection
	GlobalSection(ProjectConfigurationPlatforms) = postSolution
		{617C29DA-0626-4003-B395-95EF3E179463}.Debug|Any CPU.ActiveCfg = Debug|Any CPU
		{617C29DA-0626-4003-B395-95EF3E179463}.Debug|Any CPU.Build.0 = Debug|Any CPU
		{617C29DA-0626-4003-B395-95EF3E179463}.Release|Any CPU.ActiveCfg = Release|Any CPU
		{617C29DA-0626-4003-B395-95EF3E179463}.Release|Any CPU.Build.0 = Release|Any CPU
	EndGlobalSection
	GlobalSection(SolutionProperties) = preSolution
		HideSolutionNode = FALSE
	EndGlobalSection
	GlobalSection(ExtensibilityGlobals) = postSolution
		SolutionGuid = {FB49B383-2917-42E8-B5D0-76710AFBD31A}
	EndGlobalSection
EndGlobal
